
Microsoft Visual Studio Solution File, Format Version 12.00
# Visual Studio Version 17
VisualStudioVersion = 17.6.33815.320
MinimumVisualStudioVersion = 10.0.40219.1
Project("{2150E333-8FDC-42A3-9474-1A3956D46DE8}") = "N03", "N03", "{A2759C2E-D949-4E7C-8911-76271D0813D8}"
EndProject
Project("{9A19103F-16F7-4668-BE54-9A1E7A4F7556}") = "N3-HT1", "N3-HT1\N3-HT1.csproj", "{354B3B9A-D532-4D45-82FB-96D2AE4679C2}"
EndProject
Project("{9A19103F-16F7-4668-BE54-9A1E7A4F7556}") = "N3-HT2", "N3-HT2\N3-HT2.csproj", "{58544595-137B-46BC-AEB5-B515DA0307A3}"
EndProject
Project("{2150E333-8FDC-42A3-9474-1A3956D46DE8}") = "N04", "N04", "{3A4070E9-DE49-4EC8-AF4B-0A630A635A41}"
EndProject
Project("{9A19103F-16F7-4668-BE54-9A1E7A4F7556}") = "N4-HT2", "N4-HT2\N4-HT2.csproj", "{BB3C2F24-0293-4CB7-B26E-822F6A8A77D6}"
EndProject
Project("{2150E333-8FDC-42A3-9474-1A3956D46DE8}") = "N05", "N05", "{0D0558C0-6072-425C-BDF4-8AABA9908B3B}"
EndProject
Project("{9A19103F-16F7-4668-BE54-9A1E7A4F7556}") = "N5-HT1", "N5-HT1\N5-HT1.csproj", "{E6E6032D-9909-475B-A257-65F6A271E948}"
EndProject
Project("{9A19103F-16F7-4668-BE54-9A1E7A4F7556}") = "N5-HT2", "N5-HT2\N5-HT2.csproj", "{C8E1143A-D0B8-4252-99B3-BE5AD6AC1710}"
EndProject
Project("{2150E333-8FDC-42A3-9474-1A3956D46DE8}") = "N06", "N06", "{82EBEE1D-BC19-4CC8-BA51-C9CBD6ACBED8}"
EndProject
Project("{2150E333-8FDC-42A3-9474-1A3956D46DE8}") = "N02", "N02", "{973A0471-CFC2-4DDE-9922-03D824EA965F}"
EndProject
Project("{9A19103F-16F7-4668-BE54-9A1E7A4F7556}") = "N2-HT1", "N2-HT1\N2-HT1.csproj", "{4F0773C7-C291-4F7F-AF82-D11AF0D2483A}"
EndProject
Project("{9A19103F-16F7-4668-BE54-9A1E7A4F7556}") = "N2-HT2", "N2-HT2\N2-HT2.csproj", "{7EBA99FB-B18D-4E1F-BB90-096387A01161}"
EndProject
Project("{9A19103F-16F7-4668-BE54-9A1E7A4F7556}") = "N2-HT3", "N2-HT3\N2-HT3.csproj", "{C6734A00-9FD9-4BED-A9E5-54B09525889F}"
EndProject
Project("{9A19103F-16F7-4668-BE54-9A1E7A4F7556}") = "N6-HT1", "N6-HT1\N6-HT1.csproj", "{F79CB4B3-F916-45A0-9B31-A018CB26A58A}"
EndProject
Project("{2150E333-8FDC-42A3-9474-1A3956D46DE8}") = "N07", "N07", "{730410AD-58C5-4A15-B4A9-0D7F796A9DBA}"
EndProject
Project("{9A19103F-16F7-4668-BE54-9A1E7A4F7556}") = "N7-HT1", "N7-HT1\N7-HT1.csproj", "{FACCB889-ED84-47F5-B9E9-039E279468F4}"
EndProject
Project("{2150E333-8FDC-42A3-9474-1A3956D46DE8}") = "N08", "N08", "{1C981CC0-3301-4718-9907-4591DAD088CE}"
EndProject
Project("{9A19103F-16F7-4668-BE54-9A1E7A4F7556}") = "N8-HT2", "N8-HT2\N8-HT2.csproj", "{17997469-30C4-430C-A101-840CC396AB97}"
EndProject
Project("{2150E333-8FDC-42A3-9474-1A3956D46DE8}") = "N09", "N09", "{875F39E9-0024-497C-A4B1-7D826DC3E5D0}"
EndProject
Project("{9A19103F-16F7-4668-BE54-9A1E7A4F7556}") = "N9-HT1", "N9-HT1\N9-HT1.csproj", "{18A6ECE5-7A11-42D4-93C4-3F42762C95C1}"
EndProject
Project("{2150E333-8FDC-42A3-9474-1A3956D46DE8}") = "N10", "N10", "{98D6BC6D-82F1-46B0-BA22-2A77C57723BD}"
EndProject
Project("{9A19103F-16F7-4668-BE54-9A1E7A4F7556}") = "N10-HT1", "N10-HT1\N10-HT1.csproj", "{557C9EA0-B84E-43D1-8923-D13C66960033}"
EndProject
Project("{2150E333-8FDC-42A3-9474-1A3956D46DE8}") = "N13", "N13", "{33F44278-BCC5-4FDD-BD27-EE0CCD64685B}"
EndProject
Project("{9A19103F-16F7-4668-BE54-9A1E7A4F7556}") = "N13-HT1", "N13-HT1\N13-HT1.csproj", "{B9DE765B-F961-4225-8525-DA64E73500B1}"
EndProject
Project("{2150E333-8FDC-42A3-9474-1A3956D46DE8}") = "N14", "N14", "{58718F3A-BDAB-4C81-8363-FD628EB03B52}"
EndProject
Project("{9A19103F-16F7-4668-BE54-9A1E7A4F7556}") = "N14-HT1", "N14-T3\N14-HT1.csproj", "{9E989180-6CE7-4170-85A0-D38721286FD0}"
EndProject
Project("{9A19103F-16F7-4668-BE54-9A1E7A4F7556}") = "N4-HT1", "N4-HT1\N4-HT1.csproj", "{1D387517-0917-4065-9D1D-5E8E7EFE20B3}"
EndProject
Project("{9A19103F-16F7-4668-BE54-9A1E7A4F7556}") = "N6-HT2", "N6-HT2\N6-HT2.csproj", "{C1E39252-199E-4F03-BC1F-7C617732AB69}"
EndProject
Project("{9A19103F-16F7-4668-BE54-9A1E7A4F7556}") = "N10-HT2", "N10-Ht\N10-HT2.csproj", "{73D43550-E07F-4C67-950D-937AD776CEB3}"
EndProject
Project("{2150E333-8FDC-42A3-9474-1A3956D46DE8}") = "N11", "N11", "{F088EBF8-F58E-4D75-A52A-D9F8DE743FFB}"
EndProject
Project("{FAE04EC0-301F-11D3-BF4B-00C04F79EFBC}") = "N11-HT1", "N11-HT1\N11-HT1.csproj", "{522C6C4A-7A4A-4B9F-9037-B7CE5831F856}"
EndProject
Global
	GlobalSection(SolutionConfigurationPlatforms) = preSolution
		Debug|Any CPU = Debug|Any CPU
		Release|Any CPU = Release|Any CPU
	EndGlobalSection
	GlobalSection(ProjectConfigurationPlatforms) = postSolution
		{354B3B9A-D532-4D45-82FB-96D2AE4679C2}.Debug|Any CPU.ActiveCfg = Debug|Any CPU
		{354B3B9A-D532-4D45-82FB-96D2AE4679C2}.Debug|Any CPU.Build.0 = Debug|Any CPU
		{354B3B9A-D532-4D45-82FB-96D2AE4679C2}.Release|Any CPU.ActiveCfg = Release|Any CPU
		{354B3B9A-D532-4D45-82FB-96D2AE4679C2}.Release|Any CPU.Build.0 = Release|Any CPU
		{58544595-137B-46BC-AEB5-B515DA0307A3}.Debug|Any CPU.ActiveCfg = Debug|Any CPU
		{58544595-137B-46BC-AEB5-B515DA0307A3}.Debug|Any CPU.Build.0 = Debug|Any CPU
		{58544595-137B-46BC-AEB5-B515DA0307A3}.Release|Any CPU.ActiveCfg = Release|Any CPU
		{58544595-137B-46BC-AEB5-B515DA0307A3}.Release|Any CPU.Build.0 = Release|Any CPU
		{BB3C2F24-0293-4CB7-B26E-822F6A8A77D6}.Debug|Any CPU.ActiveCfg = Debug|Any CPU
		{BB3C2F24-0293-4CB7-B26E-822F6A8A77D6}.Debug|Any CPU.Build.0 = Debug|Any CPU
		{BB3C2F24-0293-4CB7-B26E-822F6A8A77D6}.Release|Any CPU.ActiveCfg = Release|Any CPU
		{BB3C2F24-0293-4CB7-B26E-822F6A8A77D6}.Release|Any CPU.Build.0 = Release|Any CPU
		{E6E6032D-9909-475B-A257-65F6A271E948}.Debug|Any CPU.ActiveCfg = Debug|Any CPU
		{E6E6032D-9909-475B-A257-65F6A271E948}.Debug|Any CPU.Build.0 = Debug|Any CPU
		{E6E6032D-9909-475B-A257-65F6A271E948}.Release|Any CPU.ActiveCfg = Release|Any CPU
		{E6E6032D-9909-475B-A257-65F6A271E948}.Release|Any CPU.Build.0 = Release|Any CPU
		{C8E1143A-D0B8-4252-99B3-BE5AD6AC1710}.Debug|Any CPU.ActiveCfg = Debug|Any CPU
		{C8E1143A-D0B8-4252-99B3-BE5AD6AC1710}.Debug|Any CPU.Build.0 = Debug|Any CPU
		{C8E1143A-D0B8-4252-99B3-BE5AD6AC1710}.Release|Any CPU.ActiveCfg = Release|Any CPU
		{C8E1143A-D0B8-4252-99B3-BE5AD6AC1710}.Release|Any CPU.Build.0 = Release|Any CPU
		{4F0773C7-C291-4F7F-AF82-D11AF0D2483A}.Debug|Any CPU.ActiveCfg = Debug|Any CPU
		{4F0773C7-C291-4F7F-AF82-D11AF0D2483A}.Debug|Any CPU.Build.0 = Debug|Any CPU
		{4F0773C7-C291-4F7F-AF82-D11AF0D2483A}.Release|Any CPU.ActiveCfg = Release|Any CPU
		{4F0773C7-C291-4F7F-AF82-D11AF0D2483A}.Release|Any CPU.Build.0 = Release|Any CPU
		{7EBA99FB-B18D-4E1F-BB90-096387A01161}.Debug|Any CPU.ActiveCfg = Debug|Any CPU
		{7EBA99FB-B18D-4E1F-BB90-096387A01161}.Debug|Any CPU.Build.0 = Debug|Any CPU
		{7EBA99FB-B18D-4E1F-BB90-096387A01161}.Release|Any CPU.ActiveCfg = Release|Any CPU
		{7EBA99FB-B18D-4E1F-BB90-096387A01161}.Release|Any CPU.Build.0 = Release|Any CPU
		{C6734A00-9FD9-4BED-A9E5-54B09525889F}.Debug|Any CPU.ActiveCfg = Debug|Any CPU
		{C6734A00-9FD9-4BED-A9E5-54B09525889F}.Debug|Any CPU.Build.0 = Debug|Any CPU
		{C6734A00-9FD9-4BED-A9E5-54B09525889F}.Release|Any CPU.ActiveCfg = Release|Any CPU
		{C6734A00-9FD9-4BED-A9E5-54B09525889F}.Release|Any CPU.Build.0 = Release|Any CPU
		{F79CB4B3-F916-45A0-9B31-A018CB26A58A}.Debug|Any CPU.ActiveCfg = Debug|Any CPU
		{F79CB4B3-F916-45A0-9B31-A018CB26A58A}.Debug|Any CPU.Build.0 = Debug|Any CPU
		{F79CB4B3-F916-45A0-9B31-A018CB26A58A}.Release|Any CPU.ActiveCfg = Release|Any CPU
		{F79CB4B3-F916-45A0-9B31-A018CB26A58A}.Release|Any CPU.Build.0 = Release|Any CPU
		{FACCB889-ED84-47F5-B9E9-039E279468F4}.Debug|Any CPU.ActiveCfg = Debug|Any CPU
		{FACCB889-ED84-47F5-B9E9-039E279468F4}.Debug|Any CPU.Build.0 = Debug|Any CPU
		{FACCB889-ED84-47F5-B9E9-039E279468F4}.Release|Any CPU.ActiveCfg = Release|Any CPU
		{FACCB889-ED84-47F5-B9E9-039E279468F4}.Release|Any CPU.Build.0 = Release|Any CPU
		{17997469-30C4-430C-A101-840CC396AB97}.Debug|Any CPU.ActiveCfg = Debug|Any CPU
		{17997469-30C4-430C-A101-840CC396AB97}.Debug|Any CPU.Build.0 = Debug|Any CPU
		{17997469-30C4-430C-A101-840CC396AB97}.Release|Any CPU.ActiveCfg = Release|Any CPU
		{17997469-30C4-430C-A101-840CC396AB97}.Release|Any CPU.Build.0 = Release|Any CPU
		{18A6ECE5-7A11-42D4-93C4-3F42762C95C1}.Debug|Any CPU.ActiveCfg = Debug|Any CPU
		{18A6ECE5-7A11-42D4-93C4-3F42762C95C1}.Debug|Any CPU.Build.0 = Debug|Any CPU
		{18A6ECE5-7A11-42D4-93C4-3F42762C95C1}.Release|Any CPU.ActiveCfg = Release|Any CPU
		{18A6ECE5-7A11-42D4-93C4-3F42762C95C1}.Release|Any CPU.Build.0 = Release|Any CPU
		{557C9EA0-B84E-43D1-8923-D13C66960033}.Debug|Any CPU.ActiveCfg = Debug|Any CPU
		{557C9EA0-B84E-43D1-8923-D13C66960033}.Debug|Any CPU.Build.0 = Debug|Any CPU
		{557C9EA0-B84E-43D1-8923-D13C66960033}.Release|Any CPU.ActiveCfg = Release|Any CPU
		{557C9EA0-B84E-43D1-8923-D13C66960033}.Release|Any CPU.Build.0 = Release|Any CPU
		{B9DE765B-F961-4225-8525-DA64E73500B1}.Debug|Any CPU.ActiveCfg = Debug|Any CPU
		{B9DE765B-F961-4225-8525-DA64E73500B1}.Debug|Any CPU.Build.0 = Debug|Any CPU
		{B9DE765B-F961-4225-8525-DA64E73500B1}.Release|Any CPU.ActiveCfg = Release|Any CPU
		{B9DE765B-F961-4225-8525-DA64E73500B1}.Release|Any CPU.Build.0 = Release|Any CPU
		{9E989180-6CE7-4170-85A0-D38721286FD0}.Debug|Any CPU.ActiveCfg = Debug|Any CPU
		{9E989180-6CE7-4170-85A0-D38721286FD0}.Debug|Any CPU.Build.0 = Debug|Any CPU
		{9E989180-6CE7-4170-85A0-D38721286FD0}.Release|Any CPU.ActiveCfg = Release|Any CPU
		{9E989180-6CE7-4170-85A0-D38721286FD0}.Release|Any CPU.Build.0 = Release|Any CPU
		{1D387517-0917-4065-9D1D-5E8E7EFE20B3}.Debug|Any CPU.ActiveCfg = Debug|Any CPU
		{1D387517-0917-4065-9D1D-5E8E7EFE20B3}.Debug|Any CPU.Build.0 = Debug|Any CPU
		{1D387517-0917-4065-9D1D-5E8E7EFE20B3}.Release|Any CPU.ActiveCfg = Release|Any CPU
		{1D387517-0917-4065-9D1D-5E8E7EFE20B3}.Release|Any CPU.Build.0 = Release|Any CPU
		{C1E39252-199E-4F03-BC1F-7C617732AB69}.Debug|Any CPU.ActiveCfg = Debug|Any CPU
		{C1E39252-199E-4F03-BC1F-7C617732AB69}.Debug|Any CPU.Build.0 = Debug|Any CPU
		{C1E39252-199E-4F03-BC1F-7C617732AB69}.Release|Any CPU.ActiveCfg = Release|Any CPU
		{C1E39252-199E-4F03-BC1F-7C617732AB69}.Release|Any CPU.Build.0 = Release|Any CPU
		{73D43550-E07F-4C67-950D-937AD776CEB3}.Debug|Any CPU.ActiveCfg = Debug|Any CPU
		{73D43550-E07F-4C67-950D-937AD776CEB3}.Debug|Any CPU.Build.0 = Debug|Any CPU
		{73D43550-E07F-4C67-950D-937AD776CEB3}.Release|Any CPU.ActiveCfg = Release|Any CPU
		{73D43550-E07F-4C67-950D-937AD776CEB3}.Release|Any CPU.Build.0 = Release|Any CPU
		{522C6C4A-7A4A-4B9F-9037-B7CE5831F856}.Debug|Any CPU.ActiveCfg = Debug|Any CPU
		{522C6C4A-7A4A-4B9F-9037-B7CE5831F856}.Debug|Any CPU.Build.0 = Debug|Any CPU
		{522C6C4A-7A4A-4B9F-9037-B7CE5831F856}.Release|Any CPU.ActiveCfg = Release|Any CPU
		{522C6C4A-7A4A-4B9F-9037-B7CE5831F856}.Release|Any CPU.Build.0 = Release|Any CPU
	EndGlobalSection
	GlobalSection(SolutionProperties) = preSolution
		HideSolutionNode = FALSE
	EndGlobalSection
	GlobalSection(NestedProjects) = preSolution
		{354B3B9A-D532-4D45-82FB-96D2AE4679C2} = {A2759C2E-D949-4E7C-8911-76271D0813D8}
		{58544595-137B-46BC-AEB5-B515DA0307A3} = {A2759C2E-D949-4E7C-8911-76271D0813D8}
		{BB3C2F24-0293-4CB7-B26E-822F6A8A77D6} = {3A4070E9-DE49-4EC8-AF4B-0A630A635A41}
		{E6E6032D-9909-475B-A257-65F6A271E948} = {0D0558C0-6072-425C-BDF4-8AABA9908B3B}
		{C8E1143A-D0B8-4252-99B3-BE5AD6AC1710} = {0D0558C0-6072-425C-BDF4-8AABA9908B3B}
		{4F0773C7-C291-4F7F-AF82-D11AF0D2483A} = {973A0471-CFC2-4DDE-9922-03D824EA965F}
		{7EBA99FB-B18D-4E1F-BB90-096387A01161} = {973A0471-CFC2-4DDE-9922-03D824EA965F}
		{C6734A00-9FD9-4BED-A9E5-54B09525889F} = {973A0471-CFC2-4DDE-9922-03D824EA965F}
		{F79CB4B3-F916-45A0-9B31-A018CB26A58A} = {82EBEE1D-BC19-4CC8-BA51-C9CBD6ACBED8}
		{FACCB889-ED84-47F5-B9E9-039E279468F4} = {730410AD-58C5-4A15-B4A9-0D7F796A9DBA}
		{17997469-30C4-430C-A101-840CC396AB97} = {1C981CC0-3301-4718-9907-4591DAD088CE}
		{18A6ECE5-7A11-42D4-93C4-3F42762C95C1} = {875F39E9-0024-497C-A4B1-7D826DC3E5D0}
		{557C9EA0-B84E-43D1-8923-D13C66960033} = {98D6BC6D-82F1-46B0-BA22-2A77C57723BD}
		{B9DE765B-F961-4225-8525-DA64E73500B1} = {33F44278-BCC5-4FDD-BD27-EE0CCD64685B}
		{9E989180-6CE7-4170-85A0-D38721286FD0} = {58718F3A-BDAB-4C81-8363-FD628EB03B52}
		{1D387517-0917-4065-9D1D-5E8E7EFE20B3} = {3A4070E9-DE49-4EC8-AF4B-0A630A635A41}
		{C1E39252-199E-4F03-BC1F-7C617732AB69} = {82EBEE1D-BC19-4CC8-BA51-C9CBD6ACBED8}
		{73D43550-E07F-4C67-950D-937AD776CEB3} = {98D6BC6D-82F1-46B0-BA22-2A77C57723BD}
		{522C6C4A-7A4A-4B9F-9037-B7CE5831F856} = {F088EBF8-F58E-4D75-A52A-D9F8DE743FFB}
	EndGlobalSection
	GlobalSection(ExtensibilityGlobals) = postSolution
		SolutionGuid = {D79EF586-EBF0-4458-80F0-02FB6E1CA6BE}
	EndGlobalSection
EndGlobal
